
Microsoft Visual Studio Solution File, Format Version 12.00
# Visual Studio Version 16
VisualStudioVersion = 16.0.30225.117
MinimumVisualStudioVersion = 10.0.40219.1
Project("{8BC9CEB8-8B4A-11D0-8D11-00A0C91BC942}") = "0011_MaxArea", "0011_MaxArea\0011_MaxArea.vcxproj", "{F868141F-4856-4E00-8C97-D64726BBAC23}"
EndProject
Project("{8BC9CEB8-8B4A-11D0-8D11-00A0C91BC942}") = "0015_ThreeSum", "0015_ThreeSum\0015_ThreeSum.vcxproj", "{3F719297-0C48-4AFE-8CE6-B611EEF9D70F}"
EndProject
Project("{8BC9CEB8-8B4A-11D0-8D11-00A0C91BC942}") = "0016_ThreeSumClosest", "0016_ThreeSumClosest\0016_ThreeSumClosest.vcxproj", "{E9D8B3B5-CADF-45EE-BF4E-A41FD16B5096}"
EndProject
Project("{8BC9CEB8-8B4A-11D0-8D11-00A0C91BC942}") = "0031_NextPermutation", "0031_NextPermutation\0031_NextPermutation.vcxproj", "{9FBD3B27-E9EC-4EE6-92BE-1D2A68A225DE}"
EndProject
Project("{8BC9CEB8-8B4A-11D0-8D11-00A0C91BC942}") = "0238_ProductExceptSelf", "0238_ProductExceptSelf\0238_ProductExceptSelf.vcxproj", "{11367556-24C9-43B0-A683-18BE3F65F6EF}"
EndProject
Project("{8BC9CEB8-8B4A-11D0-8D11-00A0C91BC942}") = "0665_CheckPossibility", "0665_CheckPossibility\0665_CheckPossibility.vcxproj", "{DE570569-613B-4B6A-B7B2-0AEAA7360625}"
EndProject
Project("{8BC9CEB8-8B4A-11D0-8D11-00A0C91BC942}") = "1365_SmallerNumbersThanCurrent", "1365_smallerNumbersThanCurrent\1365_smallerNumbersThanCurrent.vcxproj", "{07A9219E-BBD9-44A4-BBA6-1DAF60E1B367}"
EndProject
Project("{8BC9CEB8-8B4A-11D0-8D11-00A0C91BC942}") = "1389_CreateTargetArray", "1389_CreateTargetArray\1389_CreateTargetArray.vcxproj", "{A6D2B757-A31E-4538-AD95-3C22BBA35844}"
EndProject
Project("{8BC9CEB8-8B4A-11D0-8D11-00A0C91BC942}") = "1395_NumTeams", "1395_NumTeams\1395_NumTeams.vcxproj", "{CA10F245-8063-40DE-8E12-45095296E8CE}"
EndProject
Project("{8BC9CEB8-8B4A-11D0-8D11-00A0C91BC942}") = "1409_ProcessQueries", "1409_ProcessQueries\1409_ProcessQueries.vcxproj", "{457C3D76-8993-49DF-950E-8C74FE3CCEB3}"
EndProject
Project("{8BC9CEB8-8B4A-11D0-8D11-00A0C91BC942}") = "1476_SubrectangleQueries", "1476_SubrectangleQueries\1476_SubrectangleQueries.vcxproj", "{AF85B0B9-293F-44F1-8017-DCA9069FAAD0}"
EndProject
Project("{8BC9CEB8-8B4A-11D0-8D11-00A0C91BC942}") = "0315_CountSmaller", "0315_countSmaller\0315_countSmaller.vcxproj", "{074E425E-40F5-4A50-B63F-A90AFDFE18F4}"
EndProject
Project("{8BC9CEB8-8B4A-11D0-8D11-00A0C91BC942}") = "0033_SearchRotatedVector", "0033_SearchRatatedVector\0033_SearchRatatedVector.vcxproj", "{1A286976-AF41-4D7C-8C44-9CED950C4DD7}"
EndProject
Project("{8BC9CEB8-8B4A-11D0-8D11-00A0C91BC942}") = "0034_SearchRange", "0034_SearchRange\0034_SearchRange.vcxproj", "{0A6EDEF7-5127-4188-A553-8A8E331C1D5A}"
EndProject
Project("{8BC9CEB8-8B4A-11D0-8D11-00A0C91BC942}") = "0075_SortColor", "0075_SortColor\0075_SortColor.vcxproj", "{70FE47B3-D974-4525-9B76-DCD66F1F6756}"
EndProject
Project("{8BC9CEB8-8B4A-11D0-8D11-00A0C91BC942}") = "1414_FindMinFibonacciNumbers", "1414_FindMinFibonacciNumbers\1414_FindMinFibonacciNumbers.vcxproj", "{CC7292D8-04FB-42F5-9445-B69E7D47E37B}"
EndProject
Project("{8BC9CEB8-8B4A-11D0-8D11-00A0C91BC942}") = "1352_ProductOfNumbers", "1352_ProductOfNumbers\1352_ProductOfNumbers.vcxproj", "{31F72BCF-895D-4CA4-B22E-C13C7F5ACA75}"
EndProject
Project("{8BC9CEB8-8B4A-11D0-8D11-00A0C91BC942}") = "1491_TrimMean", "1491_TrimMean\1491_TrimMean.vcxproj", "{A69056CC-FDCA-47EE-BFDA-8AB885C20E98}"
EndProject
Project("{8BC9CEB8-8B4A-11D0-8D11-00A0C91BC942}") = "0853_CarFleet", "0853_CarFleet\0853_CarFleet.vcxproj", "{C52D9A0A-0DC4-45F0-9444-9028FB412990}"
EndProject
Project("{8BC9CEB8-8B4A-11D0-8D11-00A0C91BC942}") = "1333_FilterRestaurants", "1333_FilterRestaurants\1333_FilterRestaurants.vcxproj", "{AEE0F65C-4AB9-4886-AE9E-B6AFA62BC071}"
EndProject
Project("{8BC9CEB8-8B4A-11D0-8D11-00A0C91BC942}") = "0410_SplitArray", "0410_SplitArray\0410_SplitArray.vcxproj", "{59FCBAC3-E350-4DD1-A072-E8C62A9C80C4}"
EndProject
Project("{8BC9CEB8-8B4A-11D0-8D11-00A0C91BC942}") = "0020_IsValid", "0020_IsValid\0020_IsValid.vcxproj", "{8E2D0E06-8611-4843-95A1-F65AA46457F3}"
EndProject
Project("{8BC9CEB8-8B4A-11D0-8D11-00A0C91BC942}") = "0071_SimplifyPath", "0071_SimplifyPath\0071_SimplifyPath.vcxproj", "{DB9544CD-0465-45A2-9446-35118F27D326}"
EndProject
Project("{8BC9CEB8-8B4A-11D0-8D11-00A0C91BC942}") = "0232_MyQueue", "0232_MyQueue\0232_MyQueue.vcxproj", "{CA24C61A-6B17-43B2-A026-26265F8E0B57}"
EndProject
Project("{8BC9CEB8-8B4A-11D0-8D11-00A0C91BC942}") = "0150_EvalRPN", "0150_EvalRPN\0150_EvalRPN.vcxproj", "{53D7E371-A423-4FC6-8419-C005F9645FD9}"
EndProject
Project("{8BC9CEB8-8B4A-11D0-8D11-00A0C91BC942}") = "1249_MinRemoveToMakeValid", "1249_MinRemoveToMakeValid\1249_MinRemoveToMakeValid.vcxproj", "{0F4330C8-4BC7-40A4-B1A1-C984C6BBA507}"
EndProject
Project("{8BC9CEB8-8B4A-11D0-8D11-00A0C91BC942}") = "1481_FindLeastNumOfUniqueInts", "1481_FindLeastNumOfUniqueInts\1481_FindLeastNumOfUniqueInts.vcxproj", "{21C8F13A-F7A9-4A33-AC38-2FF087F5F285}"
EndProject
Project("{8BC9CEB8-8B4A-11D0-8D11-00A0C91BC942}") = "0392_IsSubsequence", "0392_IsSubsequence\0392_IsSubsequence.vcxproj", "{82F6BD11-05F0-4268-8EEF-A8E0ED07BB07}"
EndProject
Project("{8BC9CEB8-8B4A-11D0-8D11-00A0C91BC942}") = "0104_MaxDepth", "0104_MaxDepth\0104_MaxDepth.vcxproj", "{03C691F2-2C15-47B7-BD44-6732BBC9232E}"
EndProject
Project("{8BC9CEB8-8B4A-11D0-8D11-00A0C91BC942}") = "0007_Reverse", "0007_Reverse\0007_Reverse.vcxproj", "{0B349181-D205-48AD-A3E5-1D6FEAE5978E}"
EndProject
Project("{8BC9CEB8-8B4A-11D0-8D11-00A0C91BC942}") = "0009_IsPalindrome", "0009_IsPalindrome\0009_IsPalindrome.vcxproj", "{65ADE5CA-0CB0-43F1-9E2B-E9C7D82957D6}"
EndProject
Project("{8BC9CEB8-8B4A-11D0-8D11-00A0C91BC942}") = "0013_RomanToInt", "0013_RomanToInt\0013_RomanToInt.vcxproj", "{EC832316-427E-42C3-A0A7-8B53287378B8}"
EndProject
Project("{8BC9CEB8-8B4A-11D0-8D11-00A0C91BC942}") = "0014_LongestCommonPrefix", "0014_LongestCommonPrefix\0014_LongestCommonPrefix.vcxproj", "{2BE0B545-BEBA-4FCD-A4FD-FF907590BF66}"
EndProject
Project("{8BC9CEB8-8B4A-11D0-8D11-00A0C91BC942}") = "0069_MySqrt", "0069_MySqrt\0069_MySqrt.vcxproj", "{144E83DB-F62F-4325-8AB7-0749CC3BCC4D}"
EndProject
Project("{8BC9CEB8-8B4A-11D0-8D11-00A0C91BC942}") = "0171_TitleToNumber", "0171_TitleToNumber\0171_TitleToNumber.vcxproj", "{044AF2B5-1331-4399-857B-ABED7EDCC256}"
EndProject
Project("{8BC9CEB8-8B4A-11D0-8D11-00A0C91BC942}") = "0717_IsOneBitCharacter", "0717_IsOneBitCharacter\0717_IsOneBitCharacter.vcxproj", "{7E6295D5-CE05-489F-B92C-AD6DC1E9B7E4}"
EndProject
Project("{8BC9CEB8-8B4A-11D0-8D11-00A0C91BC942}") = "1512_numIdenticalPairs", "1512_numIdenticalPairs\1512_numIdenticalPairs.vcxproj", "{8CAECD84-6020-4EDA-BB13-A86312D4AC24}"
EndProject
Project("{8BC9CEB8-8B4A-11D0-8D11-00A0C91BC942}") = "1342_numberOfSteps", "1342_numberOfSteps\1342_numberOfSteps.vcxproj", "{534DF01D-7974-4D1E-AB38-AE2FE0DAC339}"
EndProject
Project("{8BC9CEB8-8B4A-11D0-8D11-00A0C91BC942}") = "0218_getSkyline", "0218_getSkyline\0218_getSkyline.vcxproj", "{15C91405-45EB-4058-873C-904B91ECDF99}"
EndProject
Project("{8BC9CEB8-8B4A-11D0-8D11-00A0C91BC942}") = "0050_Pow", "0050_Pow\0050_Pow.vcxproj", "{8CD5C1ED-11D2-4977-8193-A9F05A7A3E84}"
EndProject
Global
	GlobalSection(SolutionConfigurationPlatforms) = preSolution
		Debug|x64 = Debug|x64
		Debug|x86 = Debug|x86
		Release|x64 = Release|x64
		Release|x86 = Release|x86
	EndGlobalSection
	GlobalSection(ProjectConfigurationPlatforms) = postSolution
		{F868141F-4856-4E00-8C97-D64726BBAC23}.Debug|x64.ActiveCfg = Debug|x64
		{F868141F-4856-4E00-8C97-D64726BBAC23}.Debug|x64.Build.0 = Debug|x64
		{F868141F-4856-4E00-8C97-D64726BBAC23}.Debug|x86.ActiveCfg = Debug|Win32
		{F868141F-4856-4E00-8C97-D64726BBAC23}.Debug|x86.Build.0 = Debug|Win32
		{F868141F-4856-4E00-8C97-D64726BBAC23}.Release|x64.ActiveCfg = Release|x64
		{F868141F-4856-4E00-8C97-D64726BBAC23}.Release|x64.Build.0 = Release|x64
		{F868141F-4856-4E00-8C97-D64726BBAC23}.Release|x86.ActiveCfg = Release|Win32
		{F868141F-4856-4E00-8C97-D64726BBAC23}.Release|x86.Build.0 = Release|Win32
		{3F719297-0C48-4AFE-8CE6-B611EEF9D70F}.Debug|x64.ActiveCfg = Debug|x64
		{3F719297-0C48-4AFE-8CE6-B611EEF9D70F}.Debug|x64.Build.0 = Debug|x64
		{3F719297-0C48-4AFE-8CE6-B611EEF9D70F}.Debug|x86.ActiveCfg = Debug|Win32
		{3F719297-0C48-4AFE-8CE6-B611EEF9D70F}.Debug|x86.Build.0 = Debug|Win32
		{3F719297-0C48-4AFE-8CE6-B611EEF9D70F}.Release|x64.ActiveCfg = Release|x64
		{3F719297-0C48-4AFE-8CE6-B611EEF9D70F}.Release|x64.Build.0 = Release|x64
		{3F719297-0C48-4AFE-8CE6-B611EEF9D70F}.Release|x86.ActiveCfg = Release|Win32
		{3F719297-0C48-4AFE-8CE6-B611EEF9D70F}.Release|x86.Build.0 = Release|Win32
		{E9D8B3B5-CADF-45EE-BF4E-A41FD16B5096}.Debug|x64.ActiveCfg = Debug|x64
		{E9D8B3B5-CADF-45EE-BF4E-A41FD16B5096}.Debug|x64.Build.0 = Debug|x64
		{E9D8B3B5-CADF-45EE-BF4E-A41FD16B5096}.Debug|x86.ActiveCfg = Debug|Win32
		{E9D8B3B5-CADF-45EE-BF4E-A41FD16B5096}.Debug|x86.Build.0 = Debug|Win32
		{E9D8B3B5-CADF-45EE-BF4E-A41FD16B5096}.Release|x64.ActiveCfg = Release|x64
		{E9D8B3B5-CADF-45EE-BF4E-A41FD16B5096}.Release|x64.Build.0 = Release|x64
		{E9D8B3B5-CADF-45EE-BF4E-A41FD16B5096}.Release|x86.ActiveCfg = Release|Win32
		{E9D8B3B5-CADF-45EE-BF4E-A41FD16B5096}.Release|x86.Build.0 = Release|Win32
		{9FBD3B27-E9EC-4EE6-92BE-1D2A68A225DE}.Debug|x64.ActiveCfg = Debug|x64
		{9FBD3B27-E9EC-4EE6-92BE-1D2A68A225DE}.Debug|x64.Build.0 = Debug|x64
		{9FBD3B27-E9EC-4EE6-92BE-1D2A68A225DE}.Debug|x86.ActiveCfg = Debug|Win32
		{9FBD3B27-E9EC-4EE6-92BE-1D2A68A225DE}.Debug|x86.Build.0 = Debug|Win32
		{9FBD3B27-E9EC-4EE6-92BE-1D2A68A225DE}.Release|x64.ActiveCfg = Release|x64
		{9FBD3B27-E9EC-4EE6-92BE-1D2A68A225DE}.Release|x64.Build.0 = Release|x64
		{9FBD3B27-E9EC-4EE6-92BE-1D2A68A225DE}.Release|x86.ActiveCfg = Release|Win32
		{9FBD3B27-E9EC-4EE6-92BE-1D2A68A225DE}.Release|x86.Build.0 = Release|Win32
		{11367556-24C9-43B0-A683-18BE3F65F6EF}.Debug|x64.ActiveCfg = Debug|x64
		{11367556-24C9-43B0-A683-18BE3F65F6EF}.Debug|x64.Build.0 = Debug|x64
		{11367556-24C9-43B0-A683-18BE3F65F6EF}.Debug|x86.ActiveCfg = Debug|Win32
		{11367556-24C9-43B0-A683-18BE3F65F6EF}.Debug|x86.Build.0 = Debug|Win32
		{11367556-24C9-43B0-A683-18BE3F65F6EF}.Release|x64.ActiveCfg = Release|x64
		{11367556-24C9-43B0-A683-18BE3F65F6EF}.Release|x64.Build.0 = Release|x64
		{11367556-24C9-43B0-A683-18BE3F65F6EF}.Release|x86.ActiveCfg = Release|Win32
		{11367556-24C9-43B0-A683-18BE3F65F6EF}.Release|x86.Build.0 = Release|Win32
		{DE570569-613B-4B6A-B7B2-0AEAA7360625}.Debug|x64.ActiveCfg = Debug|x64
		{DE570569-613B-4B6A-B7B2-0AEAA7360625}.Debug|x64.Build.0 = Debug|x64
		{DE570569-613B-4B6A-B7B2-0AEAA7360625}.Debug|x86.ActiveCfg = Debug|Win32
		{DE570569-613B-4B6A-B7B2-0AEAA7360625}.Debug|x86.Build.0 = Debug|Win32
		{DE570569-613B-4B6A-B7B2-0AEAA7360625}.Release|x64.ActiveCfg = Release|x64
		{DE570569-613B-4B6A-B7B2-0AEAA7360625}.Release|x64.Build.0 = Release|x64
		{DE570569-613B-4B6A-B7B2-0AEAA7360625}.Release|x86.ActiveCfg = Release|Win32
		{DE570569-613B-4B6A-B7B2-0AEAA7360625}.Release|x86.Build.0 = Release|Win32
		{07A9219E-BBD9-44A4-BBA6-1DAF60E1B367}.Debug|x64.ActiveCfg = Debug|x64
		{07A9219E-BBD9-44A4-BBA6-1DAF60E1B367}.Debug|x64.Build.0 = Debug|x64
		{07A9219E-BBD9-44A4-BBA6-1DAF60E1B367}.Debug|x86.ActiveCfg = Debug|Win32
		{07A9219E-BBD9-44A4-BBA6-1DAF60E1B367}.Debug|x86.Build.0 = Debug|Win32
		{07A9219E-BBD9-44A4-BBA6-1DAF60E1B367}.Release|x64.ActiveCfg = Release|x64
		{07A9219E-BBD9-44A4-BBA6-1DAF60E1B367}.Release|x64.Build.0 = Release|x64
		{07A9219E-BBD9-44A4-BBA6-1DAF60E1B367}.Release|x86.ActiveCfg = Release|Win32
		{07A9219E-BBD9-44A4-BBA6-1DAF60E1B367}.Release|x86.Build.0 = Release|Win32
		{A6D2B757-A31E-4538-AD95-3C22BBA35844}.Debug|x64.ActiveCfg = Debug|x64
		{A6D2B757-A31E-4538-AD95-3C22BBA35844}.Debug|x64.Build.0 = Debug|x64
		{A6D2B757-A31E-4538-AD95-3C22BBA35844}.Debug|x86.ActiveCfg = Debug|Win32
		{A6D2B757-A31E-4538-AD95-3C22BBA35844}.Debug|x86.Build.0 = Debug|Win32
		{A6D2B757-A31E-4538-AD95-3C22BBA35844}.Release|x64.ActiveCfg = Release|x64
		{A6D2B757-A31E-4538-AD95-3C22BBA35844}.Release|x64.Build.0 = Release|x64
		{A6D2B757-A31E-4538-AD95-3C22BBA35844}.Release|x86.ActiveCfg = Release|Win32
		{A6D2B757-A31E-4538-AD95-3C22BBA35844}.Release|x86.Build.0 = Release|Win32
		{CA10F245-8063-40DE-8E12-45095296E8CE}.Debug|x64.ActiveCfg = Debug|x64
		{CA10F245-8063-40DE-8E12-45095296E8CE}.Debug|x64.Build.0 = Debug|x64
		{CA10F245-8063-40DE-8E12-45095296E8CE}.Debug|x86.ActiveCfg = Debug|Win32
		{CA10F245-8063-40DE-8E12-45095296E8CE}.Debug|x86.Build.0 = Debug|Win32
		{CA10F245-8063-40DE-8E12-45095296E8CE}.Release|x64.ActiveCfg = Release|x64
		{CA10F245-8063-40DE-8E12-45095296E8CE}.Release|x64.Build.0 = Release|x64
		{CA10F245-8063-40DE-8E12-45095296E8CE}.Release|x86.ActiveCfg = Release|Win32
		{CA10F245-8063-40DE-8E12-45095296E8CE}.Release|x86.Build.0 = Release|Win32
		{457C3D76-8993-49DF-950E-8C74FE3CCEB3}.Debug|x64.ActiveCfg = Debug|x64
		{457C3D76-8993-49DF-950E-8C74FE3CCEB3}.Debug|x64.Build.0 = Debug|x64
		{457C3D76-8993-49DF-950E-8C74FE3CCEB3}.Debug|x86.ActiveCfg = Debug|Win32
		{457C3D76-8993-49DF-950E-8C74FE3CCEB3}.Debug|x86.Build.0 = Debug|Win32
		{457C3D76-8993-49DF-950E-8C74FE3CCEB3}.Release|x64.ActiveCfg = Release|x64
		{457C3D76-8993-49DF-950E-8C74FE3CCEB3}.Release|x64.Build.0 = Release|x64
		{457C3D76-8993-49DF-950E-8C74FE3CCEB3}.Release|x86.ActiveCfg = Release|Win32
		{457C3D76-8993-49DF-950E-8C74FE3CCEB3}.Release|x86.Build.0 = Release|Win32
		{AF85B0B9-293F-44F1-8017-DCA9069FAAD0}.Debug|x64.ActiveCfg = Debug|x64
		{AF85B0B9-293F-44F1-8017-DCA9069FAAD0}.Debug|x64.Build.0 = Debug|x64
		{AF85B0B9-293F-44F1-8017-DCA9069FAAD0}.Debug|x86.ActiveCfg = Debug|Win32
		{AF85B0B9-293F-44F1-8017-DCA9069FAAD0}.Debug|x86.Build.0 = Debug|Win32
		{AF85B0B9-293F-44F1-8017-DCA9069FAAD0}.Release|x64.ActiveCfg = Release|x64
		{AF85B0B9-293F-44F1-8017-DCA9069FAAD0}.Release|x64.Build.0 = Release|x64
		{AF85B0B9-293F-44F1-8017-DCA9069FAAD0}.Release|x86.ActiveCfg = Release|Win32
		{AF85B0B9-293F-44F1-8017-DCA9069FAAD0}.Release|x86.Build.0 = Release|Win32
		{074E425E-40F5-4A50-B63F-A90AFDFE18F4}.Debug|x64.ActiveCfg = Debug|x64
		{074E425E-40F5-4A50-B63F-A90AFDFE18F4}.Debug|x64.Build.0 = Debug|x64
		{074E425E-40F5-4A50-B63F-A90AFDFE18F4}.Debug|x86.ActiveCfg = Debug|Win32
		{074E425E-40F5-4A50-B63F-A90AFDFE18F4}.Debug|x86.Build.0 = Debug|Win32
		{074E425E-40F5-4A50-B63F-A90AFDFE18F4}.Release|x64.ActiveCfg = Release|x64
		{074E425E-40F5-4A50-B63F-A90AFDFE18F4}.Release|x64.Build.0 = Release|x64
		{074E425E-40F5-4A50-B63F-A90AFDFE18F4}.Release|x86.ActiveCfg = Release|Win32
		{074E425E-40F5-4A50-B63F-A90AFDFE18F4}.Release|x86.Build.0 = Release|Win32
		{1A286976-AF41-4D7C-8C44-9CED950C4DD7}.Debug|x64.ActiveCfg = Debug|x64
		{1A286976-AF41-4D7C-8C44-9CED950C4DD7}.Debug|x64.Build.0 = Debug|x64
		{1A286976-AF41-4D7C-8C44-9CED950C4DD7}.Debug|x86.ActiveCfg = Debug|Win32
		{1A286976-AF41-4D7C-8C44-9CED950C4DD7}.Debug|x86.Build.0 = Debug|Win32
		{1A286976-AF41-4D7C-8C44-9CED950C4DD7}.Release|x64.ActiveCfg = Release|x64
		{1A286976-AF41-4D7C-8C44-9CED950C4DD7}.Release|x64.Build.0 = Release|x64
		{1A286976-AF41-4D7C-8C44-9CED950C4DD7}.Release|x86.ActiveCfg = Release|Win32
		{1A286976-AF41-4D7C-8C44-9CED950C4DD7}.Release|x86.Build.0 = Release|Win32
		{0A6EDEF7-5127-4188-A553-8A8E331C1D5A}.Debug|x64.ActiveCfg = Debug|x64
		{0A6EDEF7-5127-4188-A553-8A8E331C1D5A}.Debug|x64.Build.0 = Debug|x64
		{0A6EDEF7-5127-4188-A553-8A8E331C1D5A}.Debug|x86.ActiveCfg = Debug|Win32
		{0A6EDEF7-5127-4188-A553-8A8E331C1D5A}.Debug|x86.Build.0 = Debug|Win32
		{0A6EDEF7-5127-4188-A553-8A8E331C1D5A}.Release|x64.ActiveCfg = Release|x64
		{0A6EDEF7-5127-4188-A553-8A8E331C1D5A}.Release|x64.Build.0 = Release|x64
		{0A6EDEF7-5127-4188-A553-8A8E331C1D5A}.Release|x86.ActiveCfg = Release|Win32
		{0A6EDEF7-5127-4188-A553-8A8E331C1D5A}.Release|x86.Build.0 = Release|Win32
		{70FE47B3-D974-4525-9B76-DCD66F1F6756}.Debug|x64.ActiveCfg = Debug|x64
		{70FE47B3-D974-4525-9B76-DCD66F1F6756}.Debug|x64.Build.0 = Debug|x64
		{70FE47B3-D974-4525-9B76-DCD66F1F6756}.Debug|x86.ActiveCfg = Debug|Win32
		{70FE47B3-D974-4525-9B76-DCD66F1F6756}.Debug|x86.Build.0 = Debug|Win32
		{70FE47B3-D974-4525-9B76-DCD66F1F6756}.Release|x64.ActiveCfg = Release|x64
		{70FE47B3-D974-4525-9B76-DCD66F1F6756}.Release|x64.Build.0 = Release|x64
		{70FE47B3-D974-4525-9B76-DCD66F1F6756}.Release|x86.ActiveCfg = Release|Win32
		{70FE47B3-D974-4525-9B76-DCD66F1F6756}.Release|x86.Build.0 = Release|Win32
		{CC7292D8-04FB-42F5-9445-B69E7D47E37B}.Debug|x64.ActiveCfg = Debug|x64
		{CC7292D8-04FB-42F5-9445-B69E7D47E37B}.Debug|x64.Build.0 = Debug|x64
		{CC7292D8-04FB-42F5-9445-B69E7D47E37B}.Debug|x86.ActiveCfg = Debug|Win32
		{CC7292D8-04FB-42F5-9445-B69E7D47E37B}.Debug|x86.Build.0 = Debug|Win32
		{CC7292D8-04FB-42F5-9445-B69E7D47E37B}.Release|x64.ActiveCfg = Release|x64
		{CC7292D8-04FB-42F5-9445-B69E7D47E37B}.Release|x64.Build.0 = Release|x64
		{CC7292D8-04FB-42F5-9445-B69E7D47E37B}.Release|x86.ActiveCfg = Release|Win32
		{CC7292D8-04FB-42F5-9445-B69E7D47E37B}.Release|x86.Build.0 = Release|Win32
		{31F72BCF-895D-4CA4-B22E-C13C7F5ACA75}.Debug|x64.ActiveCfg = Debug|x64
		{31F72BCF-895D-4CA4-B22E-C13C7F5ACA75}.Debug|x64.Build.0 = Debug|x64
		{31F72BCF-895D-4CA4-B22E-C13C7F5ACA75}.Debug|x86.ActiveCfg = Debug|Win32
		{31F72BCF-895D-4CA4-B22E-C13C7F5ACA75}.Debug|x86.Build.0 = Debug|Win32
		{31F72BCF-895D-4CA4-B22E-C13C7F5ACA75}.Release|x64.ActiveCfg = Release|x64
		{31F72BCF-895D-4CA4-B22E-C13C7F5ACA75}.Release|x64.Build.0 = Release|x64
		{31F72BCF-895D-4CA4-B22E-C13C7F5ACA75}.Release|x86.ActiveCfg = Release|Win32
		{31F72BCF-895D-4CA4-B22E-C13C7F5ACA75}.Release|x86.Build.0 = Release|Win32
		{A69056CC-FDCA-47EE-BFDA-8AB885C20E98}.Debug|x64.ActiveCfg = Debug|x64
		{A69056CC-FDCA-47EE-BFDA-8AB885C20E98}.Debug|x64.Build.0 = Debug|x64
		{A69056CC-FDCA-47EE-BFDA-8AB885C20E98}.Debug|x86.ActiveCfg = Debug|Win32
		{A69056CC-FDCA-47EE-BFDA-8AB885C20E98}.Debug|x86.Build.0 = Debug|Win32
		{A69056CC-FDCA-47EE-BFDA-8AB885C20E98}.Release|x64.ActiveCfg = Release|x64
		{A69056CC-FDCA-47EE-BFDA-8AB885C20E98}.Release|x64.Build.0 = Release|x64
		{A69056CC-FDCA-47EE-BFDA-8AB885C20E98}.Release|x86.ActiveCfg = Release|Win32
		{A69056CC-FDCA-47EE-BFDA-8AB885C20E98}.Release|x86.Build.0 = Release|Win32
		{C52D9A0A-0DC4-45F0-9444-9028FB412990}.Debug|x64.ActiveCfg = Debug|x64
		{C52D9A0A-0DC4-45F0-9444-9028FB412990}.Debug|x64.Build.0 = Debug|x64
		{C52D9A0A-0DC4-45F0-9444-9028FB412990}.Debug|x86.ActiveCfg = Debug|Win32
		{C52D9A0A-0DC4-45F0-9444-9028FB412990}.Debug|x86.Build.0 = Debug|Win32
		{C52D9A0A-0DC4-45F0-9444-9028FB412990}.Release|x64.ActiveCfg = Release|x64
		{C52D9A0A-0DC4-45F0-9444-9028FB412990}.Release|x64.Build.0 = Release|x64
		{C52D9A0A-0DC4-45F0-9444-9028FB412990}.Release|x86.ActiveCfg = Release|Win32
		{C52D9A0A-0DC4-45F0-9444-9028FB412990}.Release|x86.Build.0 = Release|Win32
		{AEE0F65C-4AB9-4886-AE9E-B6AFA62BC071}.Debug|x64.ActiveCfg = Debug|x64
		{AEE0F65C-4AB9-4886-AE9E-B6AFA62BC071}.Debug|x64.Build.0 = Debug|x64
		{AEE0F65C-4AB9-4886-AE9E-B6AFA62BC071}.Debug|x86.ActiveCfg = Debug|Win32
		{AEE0F65C-4AB9-4886-AE9E-B6AFA62BC071}.Debug|x86.Build.0 = Debug|Win32
		{AEE0F65C-4AB9-4886-AE9E-B6AFA62BC071}.Release|x64.ActiveCfg = Release|x64
		{AEE0F65C-4AB9-4886-AE9E-B6AFA62BC071}.Release|x64.Build.0 = Release|x64
		{AEE0F65C-4AB9-4886-AE9E-B6AFA62BC071}.Release|x86.ActiveCfg = Release|Win32
		{AEE0F65C-4AB9-4886-AE9E-B6AFA62BC071}.Release|x86.Build.0 = Release|Win32
		{59FCBAC3-E350-4DD1-A072-E8C62A9C80C4}.Debug|x64.ActiveCfg = Debug|x64
		{59FCBAC3-E350-4DD1-A072-E8C62A9C80C4}.Debug|x64.Build.0 = Debug|x64
		{59FCBAC3-E350-4DD1-A072-E8C62A9C80C4}.Debug|x86.ActiveCfg = Debug|Win32
		{59FCBAC3-E350-4DD1-A072-E8C62A9C80C4}.Debug|x86.Build.0 = Debug|Win32
		{59FCBAC3-E350-4DD1-A072-E8C62A9C80C4}.Release|x64.ActiveCfg = Release|x64
		{59FCBAC3-E350-4DD1-A072-E8C62A9C80C4}.Release|x64.Build.0 = Release|x64
		{59FCBAC3-E350-4DD1-A072-E8C62A9C80C4}.Release|x86.ActiveCfg = Release|Win32
		{59FCBAC3-E350-4DD1-A072-E8C62A9C80C4}.Release|x86.Build.0 = Release|Win32
		{8E2D0E06-8611-4843-95A1-F65AA46457F3}.Debug|x64.ActiveCfg = Debug|x64
		{8E2D0E06-8611-4843-95A1-F65AA46457F3}.Debug|x64.Build.0 = Debug|x64
		{8E2D0E06-8611-4843-95A1-F65AA46457F3}.Debug|x86.ActiveCfg = Debug|Win32
		{8E2D0E06-8611-4843-95A1-F65AA46457F3}.Debug|x86.Build.0 = Debug|Win32
		{8E2D0E06-8611-4843-95A1-F65AA46457F3}.Release|x64.ActiveCfg = Release|x64
		{8E2D0E06-8611-4843-95A1-F65AA46457F3}.Release|x64.Build.0 = Release|x64
		{8E2D0E06-8611-4843-95A1-F65AA46457F3}.Release|x86.ActiveCfg = Release|Win32
		{8E2D0E06-8611-4843-95A1-F65AA46457F3}.Release|x86.Build.0 = Release|Win32
		{DB9544CD-0465-45A2-9446-35118F27D326}.Debug|x64.ActiveCfg = Debug|x64
		{DB9544CD-0465-45A2-9446-35118F27D326}.Debug|x64.Build.0 = Debug|x64
		{DB9544CD-0465-45A2-9446-35118F27D326}.Debug|x86.ActiveCfg = Debug|Win32
		{DB9544CD-0465-45A2-9446-35118F27D326}.Debug|x86.Build.0 = Debug|Win32
		{DB9544CD-0465-45A2-9446-35118F27D326}.Release|x64.ActiveCfg = Release|x64
		{DB9544CD-0465-45A2-9446-35118F27D326}.Release|x64.Build.0 = Release|x64
		{DB9544CD-0465-45A2-9446-35118F27D326}.Release|x86.ActiveCfg = Release|Win32
		{DB9544CD-0465-45A2-9446-35118F27D326}.Release|x86.Build.0 = Release|Win32
		{CA24C61A-6B17-43B2-A026-26265F8E0B57}.Debug|x64.ActiveCfg = Debug|x64
		{CA24C61A-6B17-43B2-A026-26265F8E0B57}.Debug|x64.Build.0 = Debug|x64
		{CA24C61A-6B17-43B2-A026-26265F8E0B57}.Debug|x86.ActiveCfg = Debug|Win32
		{CA24C61A-6B17-43B2-A026-26265F8E0B57}.Debug|x86.Build.0 = Debug|Win32
		{CA24C61A-6B17-43B2-A026-26265F8E0B57}.Release|x64.ActiveCfg = Release|x64
		{CA24C61A-6B17-43B2-A026-26265F8E0B57}.Release|x64.Build.0 = Release|x64
		{CA24C61A-6B17-43B2-A026-26265F8E0B57}.Release|x86.ActiveCfg = Release|Win32
		{CA24C61A-6B17-43B2-A026-26265F8E0B57}.Release|x86.Build.0 = Release|Win32
		{53D7E371-A423-4FC6-8419-C005F9645FD9}.Debug|x64.ActiveCfg = Debug|x64
		{53D7E371-A423-4FC6-8419-C005F9645FD9}.Debug|x64.Build.0 = Debug|x64
		{53D7E371-A423-4FC6-8419-C005F9645FD9}.Debug|x86.ActiveCfg = Debug|Win32
		{53D7E371-A423-4FC6-8419-C005F9645FD9}.Debug|x86.Build.0 = Debug|Win32
		{53D7E371-A423-4FC6-8419-C005F9645FD9}.Release|x64.ActiveCfg = Release|x64
		{53D7E371-A423-4FC6-8419-C005F9645FD9}.Release|x64.Build.0 = Release|x64
		{53D7E371-A423-4FC6-8419-C005F9645FD9}.Release|x86.ActiveCfg = Release|Win32
		{53D7E371-A423-4FC6-8419-C005F9645FD9}.Release|x86.Build.0 = Release|Win32
		{0F4330C8-4BC7-40A4-B1A1-C984C6BBA507}.Debug|x64.ActiveCfg = Debug|x64
		{0F4330C8-4BC7-40A4-B1A1-C984C6BBA507}.Debug|x64.Build.0 = Debug|x64
		{0F4330C8-4BC7-40A4-B1A1-C984C6BBA507}.Debug|x86.ActiveCfg = Debug|Win32
		{0F4330C8-4BC7-40A4-B1A1-C984C6BBA507}.Debug|x86.Build.0 = Debug|Win32
		{0F4330C8-4BC7-40A4-B1A1-C984C6BBA507}.Release|x64.ActiveCfg = Release|x64
		{0F4330C8-4BC7-40A4-B1A1-C984C6BBA507}.Release|x64.Build.0 = Release|x64
		{0F4330C8-4BC7-40A4-B1A1-C984C6BBA507}.Release|x86.ActiveCfg = Release|Win32
		{0F4330C8-4BC7-40A4-B1A1-C984C6BBA507}.Release|x86.Build.0 = Release|Win32
		{21C8F13A-F7A9-4A33-AC38-2FF087F5F285}.Debug|x64.ActiveCfg = Debug|x64
		{21C8F13A-F7A9-4A33-AC38-2FF087F5F285}.Debug|x64.Build.0 = Debug|x64
		{21C8F13A-F7A9-4A33-AC38-2FF087F5F285}.Debug|x86.ActiveCfg = Debug|Win32
		{21C8F13A-F7A9-4A33-AC38-2FF087F5F285}.Debug|x86.Build.0 = Debug|Win32
		{21C8F13A-F7A9-4A33-AC38-2FF087F5F285}.Release|x64.ActiveCfg = Release|x64
		{21C8F13A-F7A9-4A33-AC38-2FF087F5F285}.Release|x64.Build.0 = Release|x64
		{21C8F13A-F7A9-4A33-AC38-2FF087F5F285}.Release|x86.ActiveCfg = Release|Win32
		{21C8F13A-F7A9-4A33-AC38-2FF087F5F285}.Release|x86.Build.0 = Release|Win32
		{82F6BD11-05F0-4268-8EEF-A8E0ED07BB07}.Debug|x64.ActiveCfg = Debug|x64
		{82F6BD11-05F0-4268-8EEF-A8E0ED07BB07}.Debug|x64.Build.0 = Debug|x64
		{82F6BD11-05F0-4268-8EEF-A8E0ED07BB07}.Debug|x86.ActiveCfg = Debug|Win32
		{82F6BD11-05F0-4268-8EEF-A8E0ED07BB07}.Debug|x86.Build.0 = Debug|Win32
		{82F6BD11-05F0-4268-8EEF-A8E0ED07BB07}.Release|x64.ActiveCfg = Release|x64
		{82F6BD11-05F0-4268-8EEF-A8E0ED07BB07}.Release|x64.Build.0 = Release|x64
		{82F6BD11-05F0-4268-8EEF-A8E0ED07BB07}.Release|x86.ActiveCfg = Release|Win32
		{82F6BD11-05F0-4268-8EEF-A8E0ED07BB07}.Release|x86.Build.0 = Release|Win32
		{03C691F2-2C15-47B7-BD44-6732BBC9232E}.Debug|x64.ActiveCfg = Debug|x64
		{03C691F2-2C15-47B7-BD44-6732BBC9232E}.Debug|x64.Build.0 = Debug|x64
		{03C691F2-2C15-47B7-BD44-6732BBC9232E}.Debug|x86.ActiveCfg = Debug|Win32
		{03C691F2-2C15-47B7-BD44-6732BBC9232E}.Debug|x86.Build.0 = Debug|Win32
		{03C691F2-2C15-47B7-BD44-6732BBC9232E}.Release|x64.ActiveCfg = Release|x64
		{03C691F2-2C15-47B7-BD44-6732BBC9232E}.Release|x64.Build.0 = Release|x64
		{03C691F2-2C15-47B7-BD44-6732BBC9232E}.Release|x86.ActiveCfg = Release|Win32
		{03C691F2-2C15-47B7-BD44-6732BBC9232E}.Release|x86.Build.0 = Release|Win32
		{0B349181-D205-48AD-A3E5-1D6FEAE5978E}.Debug|x64.ActiveCfg = Debug|x64
		{0B349181-D205-48AD-A3E5-1D6FEAE5978E}.Debug|x64.Build.0 = Debug|x64
		{0B349181-D205-48AD-A3E5-1D6FEAE5978E}.Debug|x86.ActiveCfg = Debug|Win32
		{0B349181-D205-48AD-A3E5-1D6FEAE5978E}.Debug|x86.Build.0 = Debug|Win32
		{0B349181-D205-48AD-A3E5-1D6FEAE5978E}.Release|x64.ActiveCfg = Release|x64
		{0B349181-D205-48AD-A3E5-1D6FEAE5978E}.Release|x64.Build.0 = Release|x64
		{0B349181-D205-48AD-A3E5-1D6FEAE5978E}.Release|x86.ActiveCfg = Release|Win32
		{0B349181-D205-48AD-A3E5-1D6FEAE5978E}.Release|x86.Build.0 = Release|Win32
		{65ADE5CA-0CB0-43F1-9E2B-E9C7D82957D6}.Debug|x64.ActiveCfg = Debug|x64
		{65ADE5CA-0CB0-43F1-9E2B-E9C7D82957D6}.Debug|x64.Build.0 = Debug|x64
		{65ADE5CA-0CB0-43F1-9E2B-E9C7D82957D6}.Debug|x86.ActiveCfg = Debug|Win32
		{65ADE5CA-0CB0-43F1-9E2B-E9C7D82957D6}.Debug|x86.Build.0 = Debug|Win32
		{65ADE5CA-0CB0-43F1-9E2B-E9C7D82957D6}.Release|x64.ActiveCfg = Release|x64
		{65ADE5CA-0CB0-43F1-9E2B-E9C7D82957D6}.Release|x64.Build.0 = Release|x64
		{65ADE5CA-0CB0-43F1-9E2B-E9C7D82957D6}.Release|x86.ActiveCfg = Release|Win32
		{65ADE5CA-0CB0-43F1-9E2B-E9C7D82957D6}.Release|x86.Build.0 = Release|Win32
		{EC832316-427E-42C3-A0A7-8B53287378B8}.Debug|x64.ActiveCfg = Debug|x64
		{EC832316-427E-42C3-A0A7-8B53287378B8}.Debug|x64.Build.0 = Debug|x64
		{EC832316-427E-42C3-A0A7-8B53287378B8}.Debug|x86.ActiveCfg = Debug|Win32
		{EC832316-427E-42C3-A0A7-8B53287378B8}.Debug|x86.Build.0 = Debug|Win32
		{EC832316-427E-42C3-A0A7-8B53287378B8}.Release|x64.ActiveCfg = Release|x64
		{EC832316-427E-42C3-A0A7-8B53287378B8}.Release|x64.Build.0 = Release|x64
		{EC832316-427E-42C3-A0A7-8B53287378B8}.Release|x86.ActiveCfg = Release|Win32
		{EC832316-427E-42C3-A0A7-8B53287378B8}.Release|x86.Build.0 = Release|Win32
		{2BE0B545-BEBA-4FCD-A4FD-FF907590BF66}.Debug|x64.ActiveCfg = Debug|x64
		{2BE0B545-BEBA-4FCD-A4FD-FF907590BF66}.Debug|x64.Build.0 = Debug|x64
		{2BE0B545-BEBA-4FCD-A4FD-FF907590BF66}.Debug|x86.ActiveCfg = Debug|Win32
		{2BE0B545-BEBA-4FCD-A4FD-FF907590BF66}.Debug|x86.Build.0 = Debug|Win32
		{2BE0B545-BEBA-4FCD-A4FD-FF907590BF66}.Release|x64.ActiveCfg = Release|x64
		{2BE0B545-BEBA-4FCD-A4FD-FF907590BF66}.Release|x64.Build.0 = Release|x64
		{2BE0B545-BEBA-4FCD-A4FD-FF907590BF66}.Release|x86.ActiveCfg = Release|Win32
		{2BE0B545-BEBA-4FCD-A4FD-FF907590BF66}.Release|x86.Build.0 = Release|Win32
		{144E83DB-F62F-4325-8AB7-0749CC3BCC4D}.Debug|x64.ActiveCfg = Debug|x64
		{144E83DB-F62F-4325-8AB7-0749CC3BCC4D}.Debug|x64.Build.0 = Debug|x64
		{144E83DB-F62F-4325-8AB7-0749CC3BCC4D}.Debug|x86.ActiveCfg = Debug|Win32
		{144E83DB-F62F-4325-8AB7-0749CC3BCC4D}.Debug|x86.Build.0 = Debug|Win32
		{144E83DB-F62F-4325-8AB7-0749CC3BCC4D}.Release|x64.ActiveCfg = Release|x64
		{144E83DB-F62F-4325-8AB7-0749CC3BCC4D}.Release|x64.Build.0 = Release|x64
		{144E83DB-F62F-4325-8AB7-0749CC3BCC4D}.Release|x86.ActiveCfg = Release|Win32
		{144E83DB-F62F-4325-8AB7-0749CC3BCC4D}.Release|x86.Build.0 = Release|Win32
		{044AF2B5-1331-4399-857B-ABED7EDCC256}.Debug|x64.ActiveCfg = Debug|x64
		{044AF2B5-1331-4399-857B-ABED7EDCC256}.Debug|x64.Build.0 = Debug|x64
		{044AF2B5-1331-4399-857B-ABED7EDCC256}.Debug|x86.ActiveCfg = Debug|Win32
		{044AF2B5-1331-4399-857B-ABED7EDCC256}.Debug|x86.Build.0 = Debug|Win32
		{044AF2B5-1331-4399-857B-ABED7EDCC256}.Release|x64.ActiveCfg = Release|x64
		{044AF2B5-1331-4399-857B-ABED7EDCC256}.Release|x64.Build.0 = Release|x64
		{044AF2B5-1331-4399-857B-ABED7EDCC256}.Release|x86.ActiveCfg = Release|Win32
		{044AF2B5-1331-4399-857B-ABED7EDCC256}.Release|x86.Build.0 = Release|Win32
		{7E6295D5-CE05-489F-B92C-AD6DC1E9B7E4}.Debug|x64.ActiveCfg = Debug|x64
		{7E6295D5-CE05-489F-B92C-AD6DC1E9B7E4}.Debug|x64.Build.0 = Debug|x64
		{7E6295D5-CE05-489F-B92C-AD6DC1E9B7E4}.Debug|x86.ActiveCfg = Debug|Win32
		{7E6295D5-CE05-489F-B92C-AD6DC1E9B7E4}.Debug|x86.Build.0 = Debug|Win32
		{7E6295D5-CE05-489F-B92C-AD6DC1E9B7E4}.Release|x64.ActiveCfg = Release|x64
		{7E6295D5-CE05-489F-B92C-AD6DC1E9B7E4}.Release|x64.Build.0 = Release|x64
		{7E6295D5-CE05-489F-B92C-AD6DC1E9B7E4}.Release|x86.ActiveCfg = Release|Win32
		{7E6295D5-CE05-489F-B92C-AD6DC1E9B7E4}.Release|x86.Build.0 = Release|Win32
		{8CAECD84-6020-4EDA-BB13-A86312D4AC24}.Debug|x64.ActiveCfg = Debug|x64
		{8CAECD84-6020-4EDA-BB13-A86312D4AC24}.Debug|x64.Build.0 = Debug|x64
		{8CAECD84-6020-4EDA-BB13-A86312D4AC24}.Debug|x86.ActiveCfg = Debug|Win32
		{8CAECD84-6020-4EDA-BB13-A86312D4AC24}.Debug|x86.Build.0 = Debug|Win32
		{8CAECD84-6020-4EDA-BB13-A86312D4AC24}.Release|x64.ActiveCfg = Release|x64
		{8CAECD84-6020-4EDA-BB13-A86312D4AC24}.Release|x64.Build.0 = Release|x64
		{8CAECD84-6020-4EDA-BB13-A86312D4AC24}.Release|x86.ActiveCfg = Release|Win32
		{8CAECD84-6020-4EDA-BB13-A86312D4AC24}.Release|x86.Build.0 = Release|Win32
		{534DF01D-7974-4D1E-AB38-AE2FE0DAC339}.Debug|x64.ActiveCfg = Debug|x64
		{534DF01D-7974-4D1E-AB38-AE2FE0DAC339}.Debug|x64.Build.0 = Debug|x64
		{534DF01D-7974-4D1E-AB38-AE2FE0DAC339}.Debug|x86.ActiveCfg = Debug|Win32
		{534DF01D-7974-4D1E-AB38-AE2FE0DAC339}.Debug|x86.Build.0 = Debug|Win32
		{534DF01D-7974-4D1E-AB38-AE2FE0DAC339}.Release|x64.ActiveCfg = Release|x64
		{534DF01D-7974-4D1E-AB38-AE2FE0DAC339}.Release|x64.Build.0 = Release|x64
		{534DF01D-7974-4D1E-AB38-AE2FE0DAC339}.Release|x86.ActiveCfg = Release|Win32
		{534DF01D-7974-4D1E-AB38-AE2FE0DAC339}.Release|x86.Build.0 = Release|Win32
		{15C91405-45EB-4058-873C-904B91ECDF99}.Debug|x64.ActiveCfg = Debug|x64
		{15C91405-45EB-4058-873C-904B91ECDF99}.Debug|x64.Build.0 = Debug|x64
		{15C91405-45EB-4058-873C-904B91ECDF99}.Debug|x86.ActiveCfg = Debug|Win32
		{15C91405-45EB-4058-873C-904B91ECDF99}.Debug|x86.Build.0 = Debug|Win32
		{15C91405-45EB-4058-873C-904B91ECDF99}.Release|x64.ActiveCfg = Release|x64
		{15C91405-45EB-4058-873C-904B91ECDF99}.Release|x64.Build.0 = Release|x64
		{15C91405-45EB-4058-873C-904B91ECDF99}.Release|x86.ActiveCfg = Release|Win32
		{15C91405-45EB-4058-873C-904B91ECDF99}.Release|x86.Build.0 = Release|Win32
		{8CD5C1ED-11D2-4977-8193-A9F05A7A3E84}.Debug|x64.ActiveCfg = Debug|x64
		{8CD5C1ED-11D2-4977-8193-A9F05A7A3E84}.Debug|x64.Build.0 = Debug|x64
		{8CD5C1ED-11D2-4977-8193-A9F05A7A3E84}.Debug|x86.ActiveCfg = Debug|Win32
		{8CD5C1ED-11D2-4977-8193-A9F05A7A3E84}.Debug|x86.Build.0 = Debug|Win32
		{8CD5C1ED-11D2-4977-8193-A9F05A7A3E84}.Release|x64.ActiveCfg = Release|x64
		{8CD5C1ED-11D2-4977-8193-A9F05A7A3E84}.Release|x64.Build.0 = Release|x64
		{8CD5C1ED-11D2-4977-8193-A9F05A7A3E84}.Release|x86.ActiveCfg = Release|Win32
		{8CD5C1ED-11D2-4977-8193-A9F05A7A3E84}.Release|x86.Build.0 = Release|Win32
	EndGlobalSection
	GlobalSection(SolutionProperties) = preSolution
		HideSolutionNode = FALSE
	EndGlobalSection
	GlobalSection(ExtensibilityGlobals) = postSolution
		SolutionGuid = {778250F9-1874-48D1-A0D3-2C9B28ED6DED}
	EndGlobalSection
EndGlobal
